
Microsoft Visual Studio Solution File, Format Version 12.00
# Visual Studio 15
VisualStudioVersion = 15.0.28307.168
MinimumVisualStudioVersion = 10.0.40219.1
Project("{8BC9CEB8-8B4A-11D0-8D11-00A0C91BC942}") = "Odleglosc", "Odleglosc\Odleglosc.vcxproj", "{C246CBB3-BE29-4CBD-8667-D34E1A320907}"
EndProject
Global
	GlobalSection(SolutionConfigurationPlatforms) = preSolution
		Debug|x64 = Debug|x64
		Debug|x86 = Debug|x86
		Release|x64 = Release|x64
		Release|x86 = Release|x86
	EndGlobalSection
	GlobalSection(ProjectConfigurationPlatforms) = postSolution
		{C246CBB3-BE29-4CBD-8667-D34E1A320907}.Debug|x64.ActiveCfg = Debug|x64
		{C246CBB3-BE29-4CBD-8667-D34E1A320907}.Debug|x64.Build.0 = Debug|x64
		{C246CBB3-BE29-4CBD-8667-D34E1A320907}.Debug|x86.ActiveCfg = Debug|Win32
		{C246CBB3-BE29-4CBD-8667-D34E1A320907}.Debug|x86.Build.0 = Debug|Win32
		{C246CBB3-BE29-4CBD-8667-D34E1A320907}.Release|x64.ActiveCfg = Release|x64
		{C246CBB3-BE29-4CBD-8667-D34E1A320907}.Release|x64.Build.0 = Release|x64
		{C246CBB3-BE29-4CBD-8667-D34E1A320907}.Release|x86.ActiveCfg = Release|Win32
		{C246CBB3-BE29-4CBD-8667-D34E1A320907}.Release|x86.Build.0 = Release|Win32
	EndGlobalSection
	GlobalSection(SolutionProperties) = preSolution
		HideSolutionNode = FALSE
	EndGlobalSection
	GlobalSection(ExtensibilityGlobals) = postSolution
		SolutionGuid = {FD5C1ADA-5EDC-45F8-88C3-C617F6895D10}
	EndGlobalSection
EndGlobal
